
Microsoft Visual Studio Solution File, Format Version 12.00
# Visual Studio 14
VisualStudioVersion = 14.0.25420.1
MinimumVisualStudioVersion = 10.0.40219.1
Project("{FAE04EC0-301F-11D3-BF4B-00C04F79EFBC}") = "PlanetHunters.Client", "PlanetHunters.Client\PlanetHunters.Client.csproj", "{4652B10D-4767-4C94-B3B9-4777D090DC0A}"
EndProject
Project("{FAE04EC0-301F-11D3-BF4B-00C04F79EFBC}") = "PlanetHunters.Data", "PlanetHunters.Data\PlanetHunters.Data.csproj", "{74B1CAC6-120C-447C-BADD-E8F0C3FCD2B3}"
EndProject
Project("{FAE04EC0-301F-11D3-BF4B-00C04F79EFBC}") = "PlanetHunters.Models", "PlanetHunters.Models\PlanetHunters.Models.csproj", "{29E78605-5071-44F2-AB19-6842299C4748}"
EndProject
Project("{FAE04EC0-301F-11D3-BF4B-00C04F79EFBC}") = "PlanetHunters.Import", "PlanetHunters.Import\PlanetHunters.Import.csproj", "{A5D9611E-2134-4070-B67A-75F2D5333896}"
EndProject
Project("{FAE04EC0-301F-11D3-BF4B-00C04F79EFBC}") = "PlanetHunters.Export", "PlanetHunters.Export\PlanetHunters.Export.csproj", "{B910E9B0-2B14-4780-A043-E3D3E03FC0D1}"
EndProject
Global
	GlobalSection(SolutionConfigurationPlatforms) = preSolution
		Debug|Any CPU = Debug|Any CPU
		Release|Any CPU = Release|Any CPU
	EndGlobalSection
	GlobalSection(ProjectConfigurationPlatforms) = postSolution
		{4652B10D-4767-4C94-B3B9-4777D090DC0A}.Debug|Any CPU.ActiveCfg = Debug|Any CPU
		{4652B10D-4767-4C94-B3B9-4777D090DC0A}.Debug|Any CPU.Build.0 = Debug|Any CPU
		{4652B10D-4767-4C94-B3B9-4777D090DC0A}.Release|Any CPU.ActiveCfg = Release|Any CPU
		{4652B10D-4767-4C94-B3B9-4777D090DC0A}.Release|Any CPU.Build.0 = Release|Any CPU
		{74B1CAC6-120C-447C-BADD-E8F0C3FCD2B3}.Debug|Any CPU.ActiveCfg = Debug|Any CPU
		{74B1CAC6-120C-447C-BADD-E8F0C3FCD2B3}.Debug|Any CPU.Build.0 = Debug|Any CPU
		{74B1CAC6-120C-447C-BADD-E8F0C3FCD2B3}.Release|Any CPU.ActiveCfg = Release|Any CPU
		{74B1CAC6-120C-447C-BADD-E8F0C3FCD2B3}.Release|Any CPU.Build.0 = Release|Any CPU
		{29E78605-5071-44F2-AB19-6842299C4748}.Debug|Any CPU.ActiveCfg = Debug|Any CPU
		{29E78605-5071-44F2-AB19-6842299C4748}.Debug|Any CPU.Build.0 = Debug|Any CPU
		{29E78605-5071-44F2-AB19-6842299C4748}.Release|Any CPU.ActiveCfg = Release|Any CPU
		{29E78605-5071-44F2-AB19-6842299C4748}.Release|Any CPU.Build.0 = Release|Any CPU
		{A5D9611E-2134-4070-B67A-75F2D5333896}.Debug|Any CPU.ActiveCfg = Debug|Any CPU
		{A5D9611E-2134-4070-B67A-75F2D5333896}.Debug|Any CPU.Build.0 = Debug|Any CPU
		{A5D9611E-2134-4070-B67A-75F2D5333896}.Release|Any CPU.ActiveCfg = Release|Any CPU
		{A5D9611E-2134-4070-B67A-75F2D5333896}.Release|Any CPU.Build.0 = Release|Any CPU
		{B910E9B0-2B14-4780-A043-E3D3E03FC0D1}.Debug|Any CPU.ActiveCfg = Debug|Any CPU
		{B910E9B0-2B14-4780-A043-E3D3E03FC0D1}.Debug|Any CPU.Build.0 = Debug|Any CPU
		{B910E9B0-2B14-4780-A043-E3D3E03FC0D1}.Release|Any CPU.ActiveCfg = Release|Any CPU
		{B910E9B0-2B14-4780-A043-E3D3E03FC0D1}.Release|Any CPU.Build.0 = Release|Any CPU
	EndGlobalSection
	GlobalSection(SolutionProperties) = preSolution
		HideSolutionNode = FALSE
	EndGlobalSection
EndGlobal
